
Microsoft Visual Studio Solution File, Format Version 12.00
# Visual Studio Version 17
VisualStudioVersion = 17.11.35219.272
MinimumVisualStudioVersion = 10.0.40219.1
Project("{FAE04EC0-301F-11D3-BF4B-00C04F79EFBC}") = "EffectDetailDescription", "EffectDetailDescription\EffectDetailDescription.csproj", "{9D410EA6-7C8D-4131-9FEA-2F68A61CC6CB}"
EndProject
Project("{FAE04EC0-301F-11D3-BF4B-00C04F79EFBC}") = "ProtobufLoader", "ProtobufLoader\ProtobufLoader.csproj", "{2268A84C-7BB1-4A2C-9E29-35798FB6C34E}"
EndProject
Project("{FAE04EC0-301F-11D3-BF4B-00C04F79EFBC}") = "Test", "Test\Test.csproj", "{C5108BB4-452D-42F1-84FF-C33B4D43D6BF}"
EndProject
Project("{FAE04EC0-301F-11D3-BF4B-00C04F79EFBC}") = "DashengMode", "DashengMode\DashengMode.csproj", "{AD3ED646-36DA-450D-99CF-E3F0BFD1FD07}"
EndProject
Project("{FAE04EC0-301F-11D3-BF4B-00C04F79EFBC}") = "RealDamageNumber", "RealDamageNumber\RealDamageNumber.csproj", "{880B7429-AE3E-4B44-A816-996CA9B8F919}"
EndProject
Project("{FAE04EC0-301F-11D3-BF4B-00C04F79EFBC}") = "ModConfigMenu", "ModConfigMenu\ModConfigMenu.csproj", "{9E69FDD5-4760-458F-A119-AF40ECA89549}"
EndProject
Project("{FAE04EC0-301F-11D3-BF4B-00C04F79EFBC}") = "NoRandomDamage", "NoRandomDamage\NoRandomDamage.csproj", "{1F79DAD9-C746-434D-895A-D4EC78049B5C}"
EndProject
Global
	GlobalSection(SolutionConfigurationPlatforms) = preSolution
		Debug|Any CPU = Debug|Any CPU
		Release|Any CPU = Release|Any CPU
	EndGlobalSection
	GlobalSection(ProjectConfigurationPlatforms) = postSolution
		{9D410EA6-7C8D-4131-9FEA-2F68A61CC6CB}.Debug|Any CPU.ActiveCfg = Debug|Any CPU
		{9D410EA6-7C8D-4131-9FEA-2F68A61CC6CB}.Debug|Any CPU.Build.0 = Debug|Any CPU
		{9D410EA6-7C8D-4131-9FEA-2F68A61CC6CB}.Release|Any CPU.ActiveCfg = Release|Any CPU
		{9D410EA6-7C8D-4131-9FEA-2F68A61CC6CB}.Release|Any CPU.Build.0 = Release|Any CPU
		{2268A84C-7BB1-4A2C-9E29-35798FB6C34E}.Debug|Any CPU.ActiveCfg = Debug|Any CPU
		{2268A84C-7BB1-4A2C-9E29-35798FB6C34E}.Debug|Any CPU.Build.0 = Debug|Any CPU
		{2268A84C-7BB1-4A2C-9E29-35798FB6C34E}.Release|Any CPU.ActiveCfg = Release|Any CPU
		{2268A84C-7BB1-4A2C-9E29-35798FB6C34E}.Release|Any CPU.Build.0 = Release|Any CPU
		{C5108BB4-452D-42F1-84FF-C33B4D43D6BF}.Debug|Any CPU.ActiveCfg = Debug|Any CPU
		{C5108BB4-452D-42F1-84FF-C33B4D43D6BF}.Debug|Any CPU.Build.0 = Debug|Any CPU
		{C5108BB4-452D-42F1-84FF-C33B4D43D6BF}.Release|Any CPU.ActiveCfg = Release|Any CPU
		{C5108BB4-452D-42F1-84FF-C33B4D43D6BF}.Release|Any CPU.Build.0 = Release|Any CPU
		{AD3ED646-36DA-450D-99CF-E3F0BFD1FD07}.Debug|Any CPU.ActiveCfg = Debug|Any CPU
		{AD3ED646-36DA-450D-99CF-E3F0BFD1FD07}.Debug|Any CPU.Build.0 = Debug|Any CPU
		{AD3ED646-36DA-450D-99CF-E3F0BFD1FD07}.Release|Any CPU.ActiveCfg = Release|Any CPU
		{AD3ED646-36DA-450D-99CF-E3F0BFD1FD07}.Release|Any CPU.Build.0 = Release|Any CPU
		{880B7429-AE3E-4B44-A816-996CA9B8F919}.Debug|Any CPU.ActiveCfg = Debug|Any CPU
		{880B7429-AE3E-4B44-A816-996CA9B8F919}.Debug|Any CPU.Build.0 = Debug|Any CPU
		{880B7429-AE3E-4B44-A816-996CA9B8F919}.Release|Any CPU.ActiveCfg = Release|Any CPU
		{880B7429-AE3E-4B44-A816-996CA9B8F919}.Release|Any CPU.Build.0 = Release|Any CPU
		{9E69FDD5-4760-458F-A119-AF40ECA89549}.Debug|Any CPU.ActiveCfg = Debug|Any CPU
		{9E69FDD5-4760-458F-A119-AF40ECA89549}.Debug|Any CPU.Build.0 = Debug|Any CPU
		{9E69FDD5-4760-458F-A119-AF40ECA89549}.Release|Any CPU.ActiveCfg = Release|Any CPU
		{9E69FDD5-4760-458F-A119-AF40ECA89549}.Release|Any CPU.Build.0 = Release|Any CPU
		{1F79DAD9-C746-434D-895A-D4EC78049B5C}.Debug|Any CPU.ActiveCfg = Debug|Any CPU
		{1F79DAD9-C746-434D-895A-D4EC78049B5C}.Debug|Any CPU.Build.0 = Debug|Any CPU
		{1F79DAD9-C746-434D-895A-D4EC78049B5C}.Release|Any CPU.ActiveCfg = Release|Any CPU
		{1F79DAD9-C746-434D-895A-D4EC78049B5C}.Release|Any CPU.Build.0 = Release|Any CPU
	EndGlobalSection
	GlobalSection(SolutionProperties) = preSolution
		HideSolutionNode = FALSE
	EndGlobalSection
	GlobalSection(ExtensibilityGlobals) = postSolution
		SolutionGuid = {1EF2C669-7C1A-47DA-85EA-E0DAFD8B78AC}
	EndGlobalSection
EndGlobal
